
Microsoft Visual Studio Solution File, Format Version 12.00
# Visual Studio 2012
Project("{FAE04EC0-301F-11D3-BF4B-00C04F79EFBC}") = "TruSport.Android", "TruSport.Android\TruSport.Android.csproj", "{27E69D44-8F2E-4872-A445-BF4C3E3836A1}"
EndProject
Project("{FAE04EC0-301F-11D3-BF4B-00C04F79EFBC}") = "TruSport.iOS", "TruSport.iOS\TruSport.iOS.csproj", "{2B8BBBC2-64F1-4CA8-93A4-CE0C0FCA282F}"
EndProject
Project("{FAE04EC0-301F-11D3-BF4B-00C04F79EFBC}") = "TruSport", "TruSport\TruSport.csproj", "{31CCD123-CD49-41D3-A2FB-427D13F5C5B4}"
EndProject
Project("{FAE04EC0-301F-11D3-BF4B-00C04F79EFBC}") = "OnTrackWebService", "TruSportWebService\OnTrackWebService.csproj", "{157A1D60-0CA4-4533-ACD6-0EA0F6DD69F5}"
EndProject
Global
	GlobalSection(SolutionConfigurationPlatforms) = preSolution
		Debug|Any CPU = Debug|Any CPU
		Release|Any CPU = Release|Any CPU
		Debug|iPhoneSimulator = Debug|iPhoneSimulator
		Release|iPhoneSimulator = Release|iPhoneSimulator
		Debug|iPhone = Debug|iPhone
		Release|iPhone = Release|iPhone
		Ad-Hoc|iPhone = Ad-Hoc|iPhone
		AppStore|iPhone = AppStore|iPhone
	EndGlobalSection
	GlobalSection(ProjectConfigurationPlatforms) = postSolution
		{27E69D44-8F2E-4872-A445-BF4C3E3836A1}.Debug|Any CPU.ActiveCfg = Debug|Any CPU
		{27E69D44-8F2E-4872-A445-BF4C3E3836A1}.Debug|Any CPU.Build.0 = Debug|Any CPU
		{27E69D44-8F2E-4872-A445-BF4C3E3836A1}.Release|Any CPU.ActiveCfg = Release|Any CPU
		{27E69D44-8F2E-4872-A445-BF4C3E3836A1}.Release|Any CPU.Build.0 = Release|Any CPU
		{27E69D44-8F2E-4872-A445-BF4C3E3836A1}.Debug|iPhoneSimulator.ActiveCfg = Debug|Any CPU
		{27E69D44-8F2E-4872-A445-BF4C3E3836A1}.Debug|iPhoneSimulator.Build.0 = Debug|Any CPU
		{27E69D44-8F2E-4872-A445-BF4C3E3836A1}.Release|iPhoneSimulator.ActiveCfg = Release|Any CPU
		{27E69D44-8F2E-4872-A445-BF4C3E3836A1}.Release|iPhoneSimulator.Build.0 = Release|Any CPU
		{27E69D44-8F2E-4872-A445-BF4C3E3836A1}.Debug|iPhone.ActiveCfg = Debug|Any CPU
		{27E69D44-8F2E-4872-A445-BF4C3E3836A1}.Debug|iPhone.Build.0 = Debug|Any CPU
		{27E69D44-8F2E-4872-A445-BF4C3E3836A1}.Release|iPhone.ActiveCfg = Release|Any CPU
		{27E69D44-8F2E-4872-A445-BF4C3E3836A1}.Release|iPhone.Build.0 = Release|Any CPU
		{27E69D44-8F2E-4872-A445-BF4C3E3836A1}.Ad-Hoc|iPhone.ActiveCfg = Debug|Any CPU
		{27E69D44-8F2E-4872-A445-BF4C3E3836A1}.Ad-Hoc|iPhone.Build.0 = Debug|Any CPU
		{27E69D44-8F2E-4872-A445-BF4C3E3836A1}.AppStore|iPhone.ActiveCfg = Debug|Any CPU
		{27E69D44-8F2E-4872-A445-BF4C3E3836A1}.AppStore|iPhone.Build.0 = Debug|Any CPU
		{2B8BBBC2-64F1-4CA8-93A4-CE0C0FCA282F}.Debug|Any CPU.ActiveCfg = Debug|iPhoneSimulator
		{2B8BBBC2-64F1-4CA8-93A4-CE0C0FCA282F}.Debug|Any CPU.Build.0 = Debug|iPhoneSimulator
		{2B8BBBC2-64F1-4CA8-93A4-CE0C0FCA282F}.Release|Any CPU.ActiveCfg = Release|iPhoneSimulator
		{2B8BBBC2-64F1-4CA8-93A4-CE0C0FCA282F}.Release|Any CPU.Build.0 = Release|iPhoneSimulator
		{2B8BBBC2-64F1-4CA8-93A4-CE0C0FCA282F}.Debug|iPhoneSimulator.ActiveCfg = Debug|iPhoneSimulator
		{2B8BBBC2-64F1-4CA8-93A4-CE0C0FCA282F}.Debug|iPhoneSimulator.Build.0 = Debug|iPhoneSimulator
		{2B8BBBC2-64F1-4CA8-93A4-CE0C0FCA282F}.Release|iPhoneSimulator.ActiveCfg = Release|iPhoneSimulator
		{2B8BBBC2-64F1-4CA8-93A4-CE0C0FCA282F}.Release|iPhoneSimulator.Build.0 = Release|iPhoneSimulator
		{2B8BBBC2-64F1-4CA8-93A4-CE0C0FCA282F}.Debug|iPhone.ActiveCfg = Debug|iPhone
		{2B8BBBC2-64F1-4CA8-93A4-CE0C0FCA282F}.Debug|iPhone.Build.0 = Debug|iPhone
		{2B8BBBC2-64F1-4CA8-93A4-CE0C0FCA282F}.Release|iPhone.ActiveCfg = Release|iPhone
		{2B8BBBC2-64F1-4CA8-93A4-CE0C0FCA282F}.Release|iPhone.Build.0 = Release|iPhone
		{2B8BBBC2-64F1-4CA8-93A4-CE0C0FCA282F}.Ad-Hoc|iPhone.ActiveCfg = Ad-Hoc|iPhone
		{2B8BBBC2-64F1-4CA8-93A4-CE0C0FCA282F}.Ad-Hoc|iPhone.Build.0 = Ad-Hoc|iPhone
		{2B8BBBC2-64F1-4CA8-93A4-CE0C0FCA282F}.AppStore|iPhone.ActiveCfg = AppStore|iPhone
		{2B8BBBC2-64F1-4CA8-93A4-CE0C0FCA282F}.AppStore|iPhone.Build.0 = AppStore|iPhone
		{31CCD123-CD49-41D3-A2FB-427D13F5C5B4}.Debug|Any CPU.ActiveCfg = Debug|Any CPU
		{31CCD123-CD49-41D3-A2FB-427D13F5C5B4}.Debug|Any CPU.Build.0 = Debug|Any CPU
		{31CCD123-CD49-41D3-A2FB-427D13F5C5B4}.Release|Any CPU.ActiveCfg = Release|Any CPU
		{31CCD123-CD49-41D3-A2FB-427D13F5C5B4}.Release|Any CPU.Build.0 = Release|Any CPU
		{31CCD123-CD49-41D3-A2FB-427D13F5C5B4}.Debug|iPhoneSimulator.ActiveCfg = Debug|Any CPU
		{31CCD123-CD49-41D3-A2FB-427D13F5C5B4}.Debug|iPhoneSimulator.Build.0 = Debug|Any CPU
		{31CCD123-CD49-41D3-A2FB-427D13F5C5B4}.Release|iPhoneSimulator.ActiveCfg = Release|Any CPU
		{31CCD123-CD49-41D3-A2FB-427D13F5C5B4}.Release|iPhoneSimulator.Build.0 = Release|Any CPU
		{31CCD123-CD49-41D3-A2FB-427D13F5C5B4}.Debug|iPhone.ActiveCfg = Debug|Any CPU
		{31CCD123-CD49-41D3-A2FB-427D13F5C5B4}.Debug|iPhone.Build.0 = Debug|Any CPU
		{31CCD123-CD49-41D3-A2FB-427D13F5C5B4}.Release|iPhone.ActiveCfg = Release|Any CPU
		{31CCD123-CD49-41D3-A2FB-427D13F5C5B4}.Release|iPhone.Build.0 = Release|Any CPU
		{31CCD123-CD49-41D3-A2FB-427D13F5C5B4}.Ad-Hoc|iPhone.ActiveCfg = Debug|Any CPU
		{31CCD123-CD49-41D3-A2FB-427D13F5C5B4}.Ad-Hoc|iPhone.Build.0 = Debug|Any CPU
		{31CCD123-CD49-41D3-A2FB-427D13F5C5B4}.AppStore|iPhone.ActiveCfg = Debug|Any CPU
		{31CCD123-CD49-41D3-A2FB-427D13F5C5B4}.AppStore|iPhone.Build.0 = Debug|Any CPU
		{157A1D60-0CA4-4533-ACD6-0EA0F6DD69F5}.Debug|Any CPU.ActiveCfg = Debug|Any CPU
		{157A1D60-0CA4-4533-ACD6-0EA0F6DD69F5}.Debug|Any CPU.Build.0 = Debug|Any CPU
		{157A1D60-0CA4-4533-ACD6-0EA0F6DD69F5}.Release|Any CPU.ActiveCfg = Release|Any CPU
		{157A1D60-0CA4-4533-ACD6-0EA0F6DD69F5}.Release|Any CPU.Build.0 = Release|Any CPU
		{157A1D60-0CA4-4533-ACD6-0EA0F6DD69F5}.Debug|iPhoneSimulator.ActiveCfg = Debug|Any CPU
		{157A1D60-0CA4-4533-ACD6-0EA0F6DD69F5}.Debug|iPhoneSimulator.Build.0 = Debug|Any CPU
		{157A1D60-0CA4-4533-ACD6-0EA0F6DD69F5}.Release|iPhoneSimulator.ActiveCfg = Release|Any CPU
		{157A1D60-0CA4-4533-ACD6-0EA0F6DD69F5}.Release|iPhoneSimulator.Build.0 = Release|Any CPU
		{157A1D60-0CA4-4533-ACD6-0EA0F6DD69F5}.Debug|iPhone.ActiveCfg = Debug|Any CPU
		{157A1D60-0CA4-4533-ACD6-0EA0F6DD69F5}.Debug|iPhone.Build.0 = Debug|Any CPU
		{157A1D60-0CA4-4533-ACD6-0EA0F6DD69F5}.Release|iPhone.ActiveCfg = Release|Any CPU
		{157A1D60-0CA4-4533-ACD6-0EA0F6DD69F5}.Release|iPhone.Build.0 = Release|Any CPU
		{157A1D60-0CA4-4533-ACD6-0EA0F6DD69F5}.Ad-Hoc|iPhone.ActiveCfg = Release|Any CPU
		{157A1D60-0CA4-4533-ACD6-0EA0F6DD69F5}.Ad-Hoc|iPhone.Build.0 = Release|Any CPU
		{157A1D60-0CA4-4533-ACD6-0EA0F6DD69F5}.AppStore|iPhone.ActiveCfg = Release|Any CPU
		{157A1D60-0CA4-4533-ACD6-0EA0F6DD69F5}.AppStore|iPhone.Build.0 = Release|Any CPU
	EndGlobalSection
EndGlobal
